name: ros_env
channels:
    - conda-forge
    - robostack-humble
dependencies:
    - _openmp_mutex=4.5
    - adwaita-icon-theme=49.0
    - aiohappyeyeballs=2.6.1
    - aiohttp=3.13.5
    - aiosignal=1.4.0
    - ampl-asl=1.0.0
    - aom=3.9.1
    - argcomplete=3.6.3
    - assimp=6.0.3
    - atk-1.0=2.38.0
    - attrs=26.1.0
    - aws-c-auth=0.9.6
    - aws-c-cal=0.9.13
    - aws-c-common=0.12.6
    - aws-c-compression=0.3.2
    - aws-c-event-stream=0.5.9
    - aws-c-http=0.10.10
    - aws-c-io=0.26.1
    - aws-c-mqtt=0.14.0
    - aws-c-s3=0.11.5
    - aws-c-sdkutils=0.2.4
    - aws-checksums=0.2.10
    - aws-crt-cpp=0.37.3
    - aws-sdk-cpp=1.11.747
    - azure-core-cpp=1.16.2
    - azure-identity-cpp=1.13.3
    - azure-storage-blobs-cpp=12.16.0
    - azure-storage-common-cpp=12.12.0
    - azure-storage-files-datalake-cpp=12.14.0
    - blosc=1.21.6
    - brotli=1.2.0
    - brotli-bin=1.2.0
    - bullet=3.25
    - bullet-cpp=3.25
    - bzip2=1.0.8
    - c-ares=1.34.6
    - c-blosc2=2.23.1
    - c-compiler=1.11.0
    - ca-certificates=2026.4.22
    - cairo=1.18.4
    - capnproto=1.3.0
    - catkin_pkg=1.1.0
    - cctools=1030.6.3
    - cctools_impl_osx-arm64=1030.6.3
    - cctools_osx-arm64=1030.6.3
    - cffi=2.0.0
    - python=3.12
    - cfitsio=4.6.3
    - clang=19.1.7
    - clang-19=19.1.7
    - clang_impl_osx-arm64=19.1.7
    - clang_osx-arm64=19.1.7
    - clangxx=19.1.7
    - clangxx_impl_osx-arm64=19.1.7
    - clangxx_osx-arm64=19.1.7
    - cli11=2.6.2
    - cmake=3.26.4
    - colcon-argcomplete=0.3.3
    - colcon-bash=0.5.0
    - colcon-cd=0.1.1
    - colcon-cmake=0.2.29
    - colcon-common-extensions=0.3.0
    - colcon-core=0.19.0
    - colcon-defaults=0.2.9
    - colcon-devtools=0.3.0
    - colcon-library-path=0.2.1
    - colcon-metadata=0.2.5
    - colcon-mixin=0.2.3
    - colcon-output=0.2.13
    - colcon-package-information=0.4.1
    - colcon-package-selection=0.2.10
    - colcon-parallel-executor=0.4.0
    - colcon-pkg-config=0.1.0
    - colcon-powershell=0.5.0
    - colcon-python-setup-py=0.2.9
    - colcon-recursive-crawl=0.2.3
    - colcon-ros=0.5.0
    - colcon-test-result=0.3.8
    - colcon-zsh=0.5.0
    - collada-dom=2.5.0
    - colorama=0.4.6
    - coloredlogs=15.0.1
    - compiler-rt=19.1.7
    - compiler-rt_osx-arm64=19.1.7
    - console_bridge=1.0.2
    - contourpy=1.3.3
    - coverage=7.13.5
    - cppcheck=2.20.1
    - cppzmq=4.11.0
    - cryptography=47.0.0
    - cxx-compiler=1.11.0
    - cycler=0.12.1
    - cyrus-sasl=2.1.28
    - dartsim-cpp=6.16.7
    - dav1d=1.2.1
    - dbus=1.16.2
    - distlib=0.4.0
    - distro=1.9.0
    - docutils=0.22.4
    - double-conversion=3.4.0
    - eigen=3.4.0
    - eigen-abi=3.4.0.100
    - empy=3.3.4
    - epoxy=1.5.10
    - exceptiongroup=1.3.1
    - expat=2.7.5
    - fcl=0.7.0
    - ffmpeg=8.1.0
    - flake8=7.3.0
    - flann=1.9.2
    - fmt=12.1.0
    - font-ttf-dejavu-sans-mono=2.37
    - font-ttf-inconsolata=3.000
    - font-ttf-source-code-pro=2.038
    - font-ttf-ubuntu=0.83
    - fontconfig=2.17.1
    - fonts-conda-ecosystem=1
    - fonts-conda-forge=1
    - fonttools=4.62.1
    - foonathan-memory=0.7.3
    - freeimage=3.18.0
    - freetype=2.14.3
    - freexl=2.0.0
    - fribidi=1.0.16
    - frozenlist=1.7.0
    - gdk-pixbuf=2.44.6
    - geos=3.14.1
    - gettext=0.25.1
    - gettext-tools=0.25.1
    - gflags=2.2.2
    - giflib=5.2.2
    - git=2.53.0
    - glew=2.3.0
    - glfw=3.4
    - glib=2.88.0
    - glib-tools=2.88.0
    - glslang=16.3.0
    - gmock=1.17.0
    - gmp=6.3.0
    - graphite2=1.3.14
    - graphviz=14.1.2
    - gst-plugins-base=1.26.11
    - gstreamer=1.26.11
    - gtest=1.17.0
    - gtk3=3.24.52
    - gts=0.7.6
    - gz-cmake=3.5.5
    - gz-cmake3=3.5.5
    - gz-common=5.7.1
    - gz-common5=5.7.1
    - gz-fuel-tools=9.1.1
    - gz-fuel-tools9=9.1.1
    - gz-gui=8.4.0
    - gz-gui8=8.4.0
    - gz-harmonic=1.0.0
    - gz-launch=7.1.1
    - gz-launch7=7.1.1
    - gz-math=7.5.2
    - gz-math7=7.5.2
    - gz-math7-python=7.5.2
    - gz-msgs=10.3.2
    - gz-msgs10=10.3.2
    - gz-msgs10-python=10.3.2
    - gz-physics=7.5.0
    - gz-physics7=7.5.0
    - gz-plugin=2.0.4
    - gz-plugin2=2.0.4
    - gz-rendering=8.2.2
    - gz-rendering8=8.2.2
    - gz-sensors=8.2.2
    - gz-sensors8=8.2.2
    - gz-sim=8.10.0
    - gz-sim-python=8.10.0
    - gz-sim8=8.10.0
    - gz-sim8-python=8.10.0
    - gz-tools=2.0.3
    - gz-transport=13.5.0
    - gz-transport13=13.5.0
    - gz-transport13-python=13.5.0
    - gz-utils=2.2.1
    - gz-utils2=2.2.1
    - harfbuzz=14.2.0
    - hdf4=4.2.15
    - hdf5=1.14.6
    - hicolor-icon-theme=0.17
    - humanfriendly=10.0
    - icu=78.3
    - idna=3.13
    - imath=3.2.2
    - imgui=1.92.3
    - importlib-metadata=8.8.0
    - importlib_resources=7.1.0
    - iniconfig=2.3.0
    - ipopt=3.14.19
    - jasper=4.2.9
    - jinja2=3.1.6
    - json-c=0.18
    - jsoncpp=1.9.6
    - jxrlib=1.1
    - kealib=1.6.2
    - kiwisolver=1.5.0
    - krb5=1.21.3
    - lame=3.100
    - lark-parser=0.12.0
    - lcms2=2.19
    - ld64=956.6
    - ld64_osx-arm64=956.6
    - lerc=4.1.0
    - libabseil=20260107.1
    - libadbc-driver-manager=1.10.0
    - libaec=1.1.5
    - libarchive=3.8.7
    - libasprintf=0.25.1
    - libasprintf-devel=0.25.1
    - libass=0.17.4
    - libavif16=1.4.1
    - libblas=3.11.0
    - libboost=1.88.0
    - libboost-devel=1.88.0
    - libboost-headers=1.88.0
    - libboost-python=1.88.0
    - libboost-python-devel=1.88.0
    - libbrotlicommon=1.2.0
    - libbrotlidec=1.2.0
    - libbrotlienc=1.2.0
    - libcblas=3.11.0
    - libccd-double=2.1
    - libclang-cpp18.1=18.1.8
    - libclang-cpp19.1=19.1.7
    - libclang13=22.1.4
    - libcrc32c=1.1.2
    - libcurl=8.18.0
    - libcxx=22.1.4
    - libcxx-devel=19.1.7
    - libcxx-headers=19.1.7
    - libdeflate=1.25
    - libdovi=3.3.2
    - libedit=3.1.20250104
    - libev=4.33
    - libexpat=2.7.5
    - libffi=3.5.2
    - libfreetype=2.14.3
    - libfreetype6=2.14.3
    - libgcc=15.2.0
    - libgd=2.3.3
    - libgdal=3.12.2
    - libgdal-adbc=3.12.2
    - libgdal-core=3.12.2
    - libgdal-fits=3.12.2
    - libgdal-grib=3.12.2
    - libgdal-hdf4=3.12.2
    - libgdal-hdf5=3.12.2
    - libgdal-jp2openjpeg=3.12.2
    - libgdal-kea=3.12.2
    - libgdal-netcdf=3.12.2
    - libgdal-pdf=3.12.2
    - libgdal-pg=3.12.2
